github.com/davecgh/go-spew v1.1.0/go.mod h1:J7Y8YcW2NihsgmVo/mv3lAwl/skON4iLHjSsI+c5H38=
github.com/davecgh/go-spew v1.1.1 h1:vj9j/u1bqnvCEfJOwUhtlOARqs3+rkHYY13jYWTU97c=
github.com/davecgh/go-spew v1.1.1/go.mod h1:J7Y8YcW2NihsgmVo/mv3lAwl/skON4iLHjSsI+c5H38=
github.com/felixge/httpsnoop v1.0.0 h1:gh8fMGz0rlOv/1WmRZm7OgncIOTsAj21iNJot48omJQ=
github.com/felixge/httpsnoop v1.0.0/go.mod h1:3+D9sFq0ahK/JeJPhCBUV1xlf4/eIYrUQaxulT0VzX8=
github.com/getlantern/appdir v0.0.0-20160830121117-659a155d06e8 h1:MpdXjdYfZ2TxDMzxEcboQgaSdfPi8glJWcUpzKtGw2M=
github.com/getlantern/appdir v0.0.0-20160830121117-659a155d06e8/go.mod h1:3vR6+jQdWfWojZ77w+htCqEF5MO/Y2twJOpAvFuM9po=
github.com/getlantern/byteexec v0.0.0-20170405023437-4cfb26ec74f4 h1:Nqmy8i81dzokjNHpyOg24gnQBeGRF7D51m8HmBRNn0Y=
github.com/getlantern/byteexec v0.0.0-20170405023437-4cfb26ec74f4/go.mod h1:4WCQkaCIwta0KlF9bQZA1jYqp8bzIS2PeCqjnef8nZ8=
github.com/getlantern/context v0.0.0-20190109183933-c447772a6520 h1:NRUJuo3v3WGC/g5YiyF790gut6oQr5f3FBI88Wv0dx4=
github.com/getlantern/context v0.0.0-20190109183933-c447772a6520/go.mod h1:L+mq6/vvYHKjCX2oez0CgEAJmbq1fbb/oNJIWQkBybY=
github.com/getlantern/elevate v0.0.0-20180207094634-c2e2e4901072 h1:Sxd/u3rnHYAqXzpRXjOA7DPyRKYzcivMRBKtOhsRwW8=
github.com/getlantern/elevate v0.0.0-20180207094634-c2e2e4901072/go.mod h1:T4VB2POK13lsPLFV98WJQrL7gAXYD9TyJxBU2P8c8p4=
github.com/getlantern/errors v0.0.0-20190325191628-abdb3e3e36f7/go.mod h1:l+xpFBrCtDLpK9qNjxs+cHU6+BAdlBaxHqikB6Lku3A=
github.com/getlantern/errors v1.0.1 h1:XukU2whlh7OdpxnkXhNH9VTLVz0EVPGKDV5K0oWhvzw=
github.com/getlantern/errors v1.0.1/go.mod h1:l+xpFBrCtDLpK9qNjxs+cHU6+BAdlBaxHqikB6Lku3A=
github.com/getlantern/fdcount v0.0.0-20190912142506-f89afd7367c4 h1:JdD4XSaT6/j6InM7MT1E4WRvzR8gurxfq53A3ML3B/Q=
github.com/getlantern/fdcount v0.0.0-20190912142506-f89afd7367c4/go.mod h1:XZwE+iIlAgr64OFbXKFNCllBwV4wEipPx8Hlo2gZdbM=
github.com/getlantern/filepersist v0.0.0-20160317154340-c5f0cd24e799 h1:FhkPUYCQYmoxS02r2GRrIV7dahUIncRl36xzs3/mnjA=
github.com/getlantern/filepersist v0.0.0-20160317154340-c5f0cd24e799/go.mod h1:8DGAx0LNUfXNnEH+fXI0s3OCBA/351kZCiz/8YSK3i8=
github.com/getlantern/go-cache v0.0.0-20141028142048-88b53914f467 h1:10ez8C+7zyHzmnIiYybx9Qji/zO2tAAde69DfJMbUKY=
github.com/getlantern/go-cache v0.0.0-20141028142048-88b53914f467/go.mod h1:IQND0fl/mdTYNICpN/eDYKX+j90TqQYXdpNFWkJpCPs=
github.com/getlantern/golog v0.0.0-20190830074920-4ef2e798c2d7/go.mod h1:zx/1xUUeYPy3Pcmet8OSXLbF47l+3y6hIPpyLWoR9oc=
github.com/getlantern/golog v0.0.0-20200929154820-62107891371a/go.mod h1:ZyIjgH/1wTCl+B+7yH1DqrWp6MPJqESmwmEQ89ZfhvA=
github.com/getlantern/golog v0.0.0-20210606115803-bce9f9fe5a5f h1:wsVt3P/boVKkPFEZkWxgNgRq/+mD7sWHc17+Vw2PgH8=
github.com/getlantern/golog v0.0.0-20210606115803-bce9f9fe5a5f/go.mod h1:ZyIjgH/1wTCl+B+7yH1DqrWp6MPJqESmwmEQ89ZfhvA=
github.com/getlantern/grtrack v0.0.0-20160824195228-cbf67d3fa0fd h1:GPrx88jy222gMuRHXxBSViT/3zdNO210nRAaXn+lL6s=
github.com/getlantern/grtrack v0.0.0-20160824195228-cbf67d3fa0fd/go.mod h1:RkQEgBdrJCH5tYJP2D+a/aJ216V3c9q8w/tCJtEiDoY=
github.com/getlantern/hex v0.0.0-20190417191902-c6586a6fe0b7 h1:micT5vkcr9tOVk1FiH8SWKID8ultN44Z+yzd2y/Vyb0=
github.com/getlantern/hex v0.0.0-20190417191902-c6586a6fe0b7/go.mod h1:dD3CgOrwlzca8ed61CsZouQS5h5jIzkK9ZWrTcf0s+o=
github.com/getlantern/hidden v0.0.0-20190325191715-f02dbb02be55 h1:XYzSdCbkzOC0FDNrgJqGRo8PCMFOBFL9py72DRs7bmc=
github.com/getlantern/hidden v0.0.0-20190325191715-f02dbb02be55/go.mod h1:6mmzY2kW1TOOrVy+r41Za2MxXM+hhqTtY3oBKd2AgFA=
github.com/getlantern/idletiming v0.0.0-20200228204104-10036786eac5 h1:HSxg8YIb4yUn/62i3M/2Eo/9Bz4u+n7yHOiGiiKEE5I=
github.com/getlantern/idletiming v0.0.0-20200228204104-10036786eac5/go.mod h1:McaLC6faRlxJ9QjjqSjpEeYIjKnKA8+dzjoR+eYXCio=
github.com/getlantern/iptool v0.0.0-20230112135223-c00e863b2696 h1:D7wbL2Ww6QN5SblEDMiQcFulqz2jgcvawKaNBTzHLvQ=
github.com/getlantern/iptool v0.0.0-20230112135223-c00e863b2696/go.mod h1:hfspzdRcvJ130tpTPL53/L92gG0pFtvQ6ln35ppwhHE=
github.com/getlantern/keyman v0.0.0-20180207174507-f55e7280e93a h1:SBw2c296eaLrrnydtLhcjgvNB1mDaXF1SSfW4DGt0kk=
github.com/getlantern/keyman v0.0.0-20180207174507-f55e7280e93a/go.mod h1:FMf0g72BHs14jVcD8i8ubEk4sMB6JdidBn67d44i3ws=
github.com/getlantern/measured v0.0.0-20170302221919-0582bf799783 h1:bdL8tjjr/JNBEnj8IsRGJilkp8PE0NMXl6rr2tDZBg0=
github.com/getlantern/measured v0.0.0-20170302221919-0582bf799783/go.mod h1:5OW2WJitCKExpSw2bploW2fM7PjOd6QnLqyp+IqToqU=
github.com/getlantern/mitm v0.0.0-20180205214248-4ce456bae650 h1:n3CmLDgXI1AUbybRxYcU48fAmfe4MPwL/ek4DgJHfcc=
github.com/getlantern/mitm v0.0.0-20180205214248-4ce456bae650/go.mod h1:jmIVbVxSVLdeY5hlD+6chiOR/9CdzPjVgIIQphviCl0=
github.com/getlantern/mockconn v0.0.0-20191023022503-481dbcceeb58/go.mod h1:+F5GJ7qGpQ03DBtcOEyQpM30ix4BLswdaojecFtsdy8=
github.com/getlantern/mockconn v0.0.0-20200818071412-cb30d065a848 h1:2MhMMVBTnaHrst6HyWFDhwQCaJ05PZuOv1bE2gN8WFY=
github.com/getlantern/mockconn v0.0.0-20200818071412-cb30d065a848/go.mod h1:+F5GJ7qGpQ03DBtcOEyQpM30ix4BLswdaojecFtsdy8=
github.com/getlantern/mtime v0.0.0-20200228202836-084e1d8282b0/go.mod h1:GfzwugvtH7YcmNIrHHizeyImsgEdyL88YkdnK28B14c=
github.com/getlantern/mtime v0.0.0-20200417132445-23682092d1f7 h1:03J6Cb42EG06lHgpOFGm5BOax4qFqlSbSeKO2RGrj2g=
github.com/getlantern/mtime v0.0.0-20200417132445-23682092d1f7/go.mod h1:GfzwugvtH7YcmNIrHHizeyImsgEdyL88YkdnK28B14c=
github.com/getlantern/netx v0.0.0-20190110220209-9912de6f94fd/go.mod h1:wKdY0ikOgzrWSeB9UyBVKPRhjXQ+vTb+BPeJuypUuNE=
github.com/getlantern/netx v0.0.0-20210803075350-eb4fa6261e47 h1:k3PZ5qr/0WBnJiWCHm4WJBtRYrgzgkkpNtDRLF3BGxs=
github.com/getlantern/netx v0.0.0-20210803075350-eb4fa6261e47/go.mod h1:g7yY/ImU8M+7lS09wVG3GTsxNvtPMTvkeWZVfxowtMo=
github.com/getlantern/ops v0.0.0-20190325191751-d70cb0d6f85f/go.mod h1:D5ao98qkA6pxftxoqzibIBBrLSUli+kYnJqrgBf9cIA=
github.com/getlantern/ops v0.0.0-20200403153110-8476b16edcd6 h1:QthAQCekS1YOeYWSvoHI6ZatlG4B+GBDLxV/2ZkBsTA=
github.com/getlantern/ops v0.0.0-20200403153110-8476b16edcd6/go.mod h1:D5ao98qkA6pxftxoqzibIBBrLSUli+kYnJqrgBf9cIA=
github.com/getlantern/preconn v0.0.0-20180328114929-0b5766010efe h1:6KgbumDfWYBJFgySAvSTBhDiBZCJ6r03PVdfWrkBZa4=
github.com/getlantern/preconn v0.0.0-20180328114929-0b5766010efe/go.mod h1:FvIxQD61iYA42UjaJyzGl9DNne8jbowbgicdeNk/7kE=
github.com/getlantern/proxy/v2 v2.0.0 h1:k5ugH1sFQFei7lPcRTe3K5LFfpBmh4nX0wPK+4XRjF4=
github.com/getlantern/proxy/v2 v2.0.0/go.mod h1:jU6qNaMq92qDY0slT9afuER7arXLnh7jU+DTg3W/oDs=
github.com/getlantern/reconn v0.0.0-20161128113912-7053d017511c h1:IkjF+RwRs8B/RsuD638eUFO2K/227OO2B1FLXGp17Ro=
github.com/getlantern/reconn v0.0.0-20161128113912-7053d017511c/go.mod h1:kExwbqTx1krUnT9ohmXG3jayDTEBfxUKeoRzU6XucLw=
github.com/getlantern/rotator v0.0.0-20160829164113-013d4f8e36a2 h1:smFR/kESUKlcdyatoOO3HngBzzrUU6S0LRw2vCBYQPg=
github.com/getlantern/rotator v0.0.0-20160829164113-013d4f8e36a2/go.mod h1:Ap+QTDJeA24+0jjPHReq/LyP3ugEEDYvncluEgsm60A=
github.com/getlantern/tlsdefaults v0.0.0-20171004213447-cf35cfd0b1b4 h1:73U3J4msGw3cXeKtCEbY7hbOdD6aX8gJv8BOu+VagF8=
github.com/getlantern/tlsdefaults v0.0.0-20171004213447-cf35cfd0b1b4/go.mod h1:f8WmDYKFOaC5/y0d3GWl6UKf1ZbSlIoMzkuC8x7pUhg=
github.com/getlantern/waitforserver v1.0.1 h1:xBjqJ3GgEk9JMWnDgRSiNHXINi6Lv2tGNjJR0hCkHFY=
github.com/getlantern/waitforserver v1.0.1/go.mod h1:K1oSA8lNKgQ9iC00OFpMfMNm4UMrsxoGCdHf0NT9LGs=
github.com/go-stack/stack v1.8.0 h1:5SgMzNM5HxrEjV0ww2lTmX6E2Izsfxas4+YHWRs3Lsk=
github.com/go-stack/stack v1.8.0/go.mod h1:v0f6uXyyMGvRgIKkXu+yp6POWl0qKG85gN/melR3HDY=
github.com/golang/gddo v0.0.0-20180823221919-9d8ff1c67be5 h1:yrv1uUvgXH/tEat+wdvJMRJ4g51GlIydtDpU9pFjaaI=
github.com/golang/gddo v0.0.0-20180823221919-9d8ff1c67be5/go.mod h1:xEhNfoBDX1hzLm2Nf80qUvZ2sVwoMZ8d6IE2SrsQfh4=
github.com/google/go-cmp v0.5.2 h1:X2ev0eStA3AbceY54o37/0PQ/UWqKEiiO2dKL5OPaFM=
github.com/google/go-cmp v0.5.2/go.mod h1:v8dTdLbMG2kIc/vJvl+f65V22dbkXbowE6jgT/gNBxE=
github.com/hashicorp/golang-lru v0.5.3 h1:YPkqC67at8FYaadspW/6uE0COsBxS2656RLEr8Bppgk=
github.com/hashicorp/golang-lru v0.5.3/go.mod h1:iADmTwqILo4mZ8BN3D2Q6+9jd8WM5uGBxy+E8yxSoD4=
github.com/mitchellh/go-server-timing v1.0.0 h1:cdHk4f7lxjwbRqTSGZFw8PCeoNYXGp4T4Sdr8wT+Xlw=
github.com/mitchellh/go-server-timing v1.0.0/go.mod h1:RdipKQzCJaL4HyxFQBINbf4XoDdZKkSshqw9Bbsx1ic=
github.com/oxtoacart/bpool v0.0.0-20190530202638-03653db5a59c h1:rp5dCmg/yLR3mgFuSOe4oEnDDmGLROTvMragMUXpTQw=
github.com/oxtoacart/bpool v0.0.0-20190530202638-03653db5a59c/go.mod h1:X07ZCGwUbLaax7L0S3Tw4hpejzu63ZrrQiUe6W0hcy0=
github.com/pmezard/go-difflib v1.0.0 h1:4DBwDE0NGyQoBHbLQYPwSUPoCMWR5BEzIk/f1lZbAQM=
github.com/pmezard/go-difflib v1.0.0/go.mod h1:iKH77koFhYxTK1pcRnkKkqfTogsbg7gZNVY4sRDYZ/4=
github.com/stretchr/objx v0.1.0/go.mod h1:HFkY916IF+rwdDfMAkV7OtwuqBVzrE8GR6GFx+wExME=
github.com/stretchr/objx v0.4.0/go.mod h1:YvHI0jy2hoMjB+UWwv71VJQ9isScKT/TqJzVSSt89Yw=
github.com/stretchr/objx v0.5.0 h1:1zr/of2m5FGMsad5YfcqgdqdWrIhu+EBEJRhR1U7z/c=
github.com/stretchr/objx v0.5.0/go.mod h1:Yh+to48EsGEfYuaHDzXPcE3xhTkx73EhmCGUpEOglKo=
github.com/stretchr/testify v1.3.0/go.mod h1:M5WIy9Dh21IEIfnGCwXGc5bZfKNJtfHm1UVUgZn+9EI=
github.com/stretchr/testify v1.5.1/go.mod h1:5W2xD1RspED5o8YsWQXVCued0rvSQ+mT+I5cxcmMvtA=
github.com/stretchr/testify v1.6.1 h1:hDPOHmpOpP40lSULcqw7IrRb/u7w6RpDC9399XyoNd0=
github.com/stretchr/testify v1.6.1/go.mod h1:6Fq8oRcR53rry900zMqJjRRixrwX3KX962/h/Wwjteg=
github.com/stretchr/testify v1.7.0/go.mod h1:6Fq8oRcR53rry900zMqJjRRixrwX3KX962/h/Wwjteg=
github.com/stretchr/testify v1.7.1/go.mod h1:6Fq8oRcR53rry900zMqJjRRixrwX3KX962/h/Wwjteg=
github.com/stretchr/testify v1.8.0/go.mod h1:yNjHg4UonilssWZ8iaSj1OCr/vHnekPRkoO+kdMU+MU=
github.com/stretchr/testify v1.8.1 h1:w7B6lhMri9wdJUVmEZPGGhZzrYTPvgJArz7wNPgYKsk=
github.com/stretchr/testify v1.8.1/go.mod h1:w2LPCIKwWwSfY2zedu0+kehJoqGctiVI29o6fzry7u4=
golang.org/x/xerrors v0.0.0-20191204190536-9bdfabe68543 h1:E7g+9GITq07hpfrRu66IVDexMakfv52eLZ2CXBWiKr4=
golang.org/x/xerrors v0.0.0-20191204190536-9bdfabe68543/go.mod h1:I/5z698sn9Ka8TeJc9MKroUUfqBBauWjQqLJ2OPfmY0=
gopkg.in/check.v1 v0.0.0-20161208181325-20d25e280405 h1:yhCVgyC4o1eVCa2tZl7eS0r+SDo693bJlVdllGtEeKM=
gopkg.in/check.v1 v0.0.0-20161208181325-20d25e280405/go.mod h1:Co6ibVJAznAaIkqp8huTwlJQCZ016jof/cbN4VW5Yz0=
gopkg.in/yaml.v2 v2.2.2/go.mod h1:hI93XBmqTisBFMUTm0b8Fm+jr3Dg1NNxqwp+5A1VGuI=
gopkg.in/yaml.v3 v3.0.0-20200313102051-9f266ea9e77c h1:dUUwHk2QECo/6vqA44rthZ8ie2QXMNeKRTHCNY2nXvo=
gopkg.in/yaml.v3 v3.0.0-20200313102051-9f266ea9e77c/go.mod h1:K4uyk7z7BCEPqu6E+C64Yfv1cQ7kz7rIZviUmN+EgEM=
gopkg.in/yaml.v3 v3.0.1 h1:fxVm/GzAzEWqLHuvctI91KS9hhNmmWOoWu0XTYJS7CA=
gopkg.in/yaml.v3 v3.0.1/go.mod h1:K4uyk7z7BCEPqu6E+C64Yfv1cQ7kz7rIZviUmN+EgEM=
