github.com/Yawning/chacha20 v0.0.0-20170904085104-e3b1f968fc63 h1:I6/SJSN9wJMJ+ZyQaCHUlzoTA4ypU5Bb44YWR1wTY/0=
github.com/Yawning/chacha20 v0.0.0-20170904085104-e3b1f968fc63/go.mod h1:nf+Komq6fVP4SwmKEaVGxHTyQGKREVlwjQKpvOV39yE=
github.com/aristanetworks/goarista v0.0.0-20180307212426-94ff7b94cb7d h1:IrC+AUfkikGivRqPCVhxFm41oAtJSPPjrAjJU6KpFCI=
github.com/aristanetworks/goarista v0.0.0-20180307212426-94ff7b94cb7d/go.mod h1:D/tb0zPVXnP7fmsLZjtdUhSsumbK/ij54UXjjVgMGxQ=
github.com/davecgh/go-spew v1.1.0 h1:ZDRjVQ15GmhC3fiQ8ni8+OwkZQO4DARzQgrnXU1Liz8=
github.com/davecgh/go-spew v1.1.0/go.mod h1:J7Y8YcW2NihsgmVo/mv3lAwl/skON4iLHjSsI+c5H38=
github.com/felixge/httpsnoop v1.0.0 h1:gh8fMGz0rlOv/1WmRZm7OgncIOTsAj21iNJot48omJQ=
github.com/felixge/httpsnoop v1.0.0/go.mod h1:3+D9sFq0ahK/JeJPhCBUV1xlf4/eIYrUQaxulT0VzX8=
github.com/getlantern/appdir v0.0.0-20160830121117-659a155d06e8 h1:MpdXjdYfZ2TxDMzxEcboQgaSdfPi8glJWcUpzKtGw2M=
github.com/getlantern/appdir v0.0.0-20160830121117-659a155d06e8/go.mod h1:3vR6+jQdWfWojZ77w+htCqEF5MO/Y2twJOpAvFuM9po=
github.com/getlantern/byteexec v0.0.0-20170405023437-4cfb26ec74f4 h1:Nqmy8i81dzokjNHpyOg24gnQBeGRF7D51m8HmBRNn0Y=
github.com/getlantern/byteexec v0.0.0-20170405023437-4cfb26ec74f4/go.mod h1:4WCQkaCIwta0KlF9bQZA1jYqp8bzIS2PeCqjnef8nZ8=
github.com/getlantern/context v0.0.0-20160525112039-624d99b1798d h1:UIZcMnqh939ljD/jzHgDTLehvwaBRNt2o3WMlyYplNY=
github.com/getlantern/context v0.0.0-20160525112039-624d99b1798d/go.mod h1:L+mq6/vvYHKjCX2oez0CgEAJmbq1fbb/oNJIWQkBybY=
github.com/getlantern/elevate v0.0.0-20180207094634-c2e2e4901072 h1:Sxd/u3rnHYAqXzpRXjOA7DPyRKYzcivMRBKtOhsRwW8=
github.com/getlantern/elevate v0.0.0-20180207094634-c2e2e4901072/go.mod h1:T4VB2POK13lsPLFV98WJQrL7gAXYD9TyJxBU2P8c8p4=
github.com/getlantern/ema v0.0.0-20170330162033-d906ee7c3465 h1:3SnNYcE/PD0zOSJJLcy8g5Qx3snMgf2JWOKIEJzXFzs=
github.com/getlantern/ema v0.0.0-20170330162033-d906ee7c3465/go.mod h1:tzRwT19aDrWSr6yRDs8iOvaXXCau96EgWsgGT9wIpoQ=
github.com/getlantern/errors v0.0.0-20171205155502-e9c0296368b7 h1:SGHun2u5ODn2P7zjXaqibYDxAfhUZ7+iCFMw/sAKbx0=
github.com/getlantern/errors v0.0.0-20171205155502-e9c0296368b7/go.mod h1:l+xpFBrCtDLpK9qNjxs+cHU6+BAdlBaxHqikB6Lku3A=
github.com/getlantern/fdcount v0.0.0-20170105153814-6a6cb5839bc5 h1:8Q9iN/V24EG01IgXEKVScth/rTXpplBxCYio/yIKtUw=
github.com/getlantern/fdcount v0.0.0-20170105153814-6a6cb5839bc5/go.mod h1:XZwE+iIlAgr64OFbXKFNCllBwV4wEipPx8Hlo2gZdbM=
github.com/getlantern/filepersist v0.0.0-20160317154340-c5f0cd24e799 h1:FhkPUYCQYmoxS02r2GRrIV7dahUIncRl36xzs3/mnjA=
github.com/getlantern/filepersist v0.0.0-20160317154340-c5f0cd24e799/go.mod h1:8DGAx0LNUfXNnEH+fXI0s3OCBA/351kZCiz/8YSK3i8=
github.com/getlantern/go-cache v0.0.0-20141028142048-88b53914f467 h1:10ez8C+7zyHzmnIiYybx9Qji/zO2tAAde69DfJMbUKY=
github.com/getlantern/go-cache v0.0.0-20141028142048-88b53914f467/go.mod h1:IQND0fl/mdTYNICpN/eDYKX+j90TqQYXdpNFWkJpCPs=
github.com/getlantern/golog v0.0.0-20170508214112-cca714f7feb5 h1:Okd7vkn9CfIgDBj1ST/vtBTCfD/kxIhYD412K+FRKPc=
github.com/getlantern/golog v0.0.0-20170508214112-cca714f7feb5/go.mod h1:Vwx1Cg64gCdIalad44uvQsKZw6LsVczIKZrUBStEjVw=
github.com/getlantern/hex v0.0.0-20160523043825-083fba3033ad h1:L/UatDVr6opOJnZdZnGwhFXjoIUwO6RHULxPyzb60L4=
github.com/getlantern/hex v0.0.0-20160523043825-083fba3033ad/go.mod h1:dD3CgOrwlzca8ed61CsZouQS5h5jIzkK9ZWrTcf0s+o=
github.com/getlantern/hidden v0.0.0-20160523043807-d52a649ab33a h1:gF6WQx7V8q91bBC4MUWOuKnWjUcDDi27d1zMdB0hPnM=
github.com/getlantern/hidden v0.0.0-20160523043807-d52a649ab33a/go.mod h1:6mmzY2kW1TOOrVy+r41Za2MxXM+hhqTtY3oBKd2AgFA=
github.com/getlantern/idletiming v0.0.0-20170131220046-7a71d2e71cf2 h1:j92NFwkg+hf88/vprQjuwZIlr23z7JGZrI/CZdmNNyw=
github.com/getlantern/idletiming v0.0.0-20170131220046-7a71d2e71cf2/go.mod h1:MGP8kEgZGgAhvHISt0hJGQgxg/VAqGdw3+kSZBnfC/4=
github.com/getlantern/keyman v0.0.0-20180207174507-f55e7280e93a h1:SBw2c296eaLrrnydtLhcjgvNB1mDaXF1SSfW4DGt0kk=
github.com/getlantern/keyman v0.0.0-20180207174507-f55e7280e93a/go.mod h1:FMf0g72BHs14jVcD8i8ubEk4sMB6JdidBn67d44i3ws=
github.com/getlantern/lampshade v0.0.0-20171122120757-b10a301ad56e h1:hPovnJNXh+bPldmr76AxJUH9yj0N1AUciIdILm9/uws=
github.com/getlantern/lampshade v0.0.0-20171122120757-b10a301ad56e/go.mod h1:h0JxtfSix7rXr+2dnLTmUV2rApjQH364hfM5YLAFXYc=
github.com/getlantern/measured v0.0.0-20170302221919-0582bf799783 h1:bdL8tjjr/JNBEnj8IsRGJilkp8PE0NMXl6rr2tDZBg0=
github.com/getlantern/measured v0.0.0-20170302221919-0582bf799783/go.mod h1:5OW2WJitCKExpSw2bploW2fM7PjOd6QnLqyp+IqToqU=
github.com/getlantern/mitm v0.0.0-20180205214248-4ce456bae650 h1:n3CmLDgXI1AUbybRxYcU48fAmfe4MPwL/ek4DgJHfcc=
github.com/getlantern/mitm v0.0.0-20180205214248-4ce456bae650/go.mod h1:jmIVbVxSVLdeY5hlD+6chiOR/9CdzPjVgIIQphviCl0=
github.com/getlantern/mockconn v0.0.0-20161230140259-422a5afd4432 h1:xc1adWFr2WjZLIPG9se/4MCiiMz875nYsOd0k1De9HM=
github.com/getlantern/mockconn v0.0.0-20161230140259-422a5afd4432/go.mod h1:+F5GJ7qGpQ03DBtcOEyQpM30ix4BLswdaojecFtsdy8=
github.com/getlantern/mtime v0.0.0-20170117193331-ba114e4a82b0 h1:1VNkP55LM/W2IwWN+qi+5X3gZcEQHfj8X9E+FNxVgM4=
github.com/getlantern/mtime v0.0.0-20170117193331-ba114e4a82b0/go.mod h1:u537FS7ld4Whf7h7/0ql/myAudWWBNgeRhgE9XXH4Pk=
github.com/getlantern/netx v0.0.0-20171024203529-06a8a15aede9 h1:Zey1XbW8AR6Sq022d+TRkG1MEfHLfZjbqNIKW5U1DTM=
github.com/getlantern/netx v0.0.0-20171024203529-06a8a15aede9/go.mod h1:wKdY0ikOgzrWSeB9UyBVKPRhjXQ+vTb+BPeJuypUuNE=
github.com/getlantern/ops v0.0.0-20170904182230-37353306c908 h1:PiLUBXrdcPfVqAQVqLGCfKVq/5KI3KsRowk2mJ7IuVk=
github.com/getlantern/ops v0.0.0-20170904182230-37353306c908/go.mod h1:D5ao98qkA6pxftxoqzibIBBrLSUli+kYnJqrgBf9cIA=
github.com/getlantern/preconn v0.0.0-20170921211456-9d78068db81b h1:4IpHltR073rkNQzDk+ZyrbM3HjuSn3xFFUQ83J/LBeo=
github.com/getlantern/preconn v0.0.0-20170921211456-9d78068db81b/go.mod h1:FvIxQD61iYA42UjaJyzGl9DNne8jbowbgicdeNk/7kE=
github.com/getlantern/proxy v0.0.0-20180713210748-e822de39af64 h1:m83S6t6E1RofTgylcejZeou+f8Tj1darXMvvrQ5y+XQ=
github.com/getlantern/proxy v0.0.0-20180713210748-e822de39af64/go.mod h1:z6u2OS1ynUdXIraWO04T1wcHFcGaIHwPed0n0bNilZU=
github.com/getlantern/proxy v0.0.0-20190726172457-67e2e2bd95b4 h1:Cdi1XXeH0Fg6ApJ+ngI7K4Bp7rDnKYbPEU29hzNbmZQ=
github.com/getlantern/proxy v0.0.0-20190726172457-67e2e2bd95b4/go.mod h1:z6u2OS1ynUdXIraWO04T1wcHFcGaIHwPed0n0bNilZU=
github.com/getlantern/reconn v0.0.0-20161128113912-7053d017511c h1:IkjF+RwRs8B/RsuD638eUFO2K/227OO2B1FLXGp17Ro=
github.com/getlantern/reconn v0.0.0-20161128113912-7053d017511c/go.mod h1:kExwbqTx1krUnT9ohmXG3jayDTEBfxUKeoRzU6XucLw=
github.com/getlantern/rotator v0.0.0-20160829164113-013d4f8e36a2 h1:smFR/kESUKlcdyatoOO3HngBzzrUU6S0LRw2vCBYQPg=
github.com/getlantern/rotator v0.0.0-20160829164113-013d4f8e36a2/go.mod h1:Ap+QTDJeA24+0jjPHReq/LyP3ugEEDYvncluEgsm60A=
github.com/getlantern/stack v0.0.0-20160516001742-02f928aad224 h1:Ks+jtBnYA9DFgQjSQb+GafPRcy1IkO55AenpmTB4aMk=
github.com/getlantern/stack v0.0.0-20160516001742-02f928aad224/go.mod h1:jFmW3KH+iSAt2vUkjB2vyM+SAxvdpIHa4PpAakJHO0w=
github.com/getlantern/tlsdefaults v0.0.0-20171004213447-cf35cfd0b1b4 h1:73U3J4msGw3cXeKtCEbY7hbOdD6aX8gJv8BOu+VagF8=
github.com/getlantern/tlsdefaults v0.0.0-20171004213447-cf35cfd0b1b4/go.mod h1:f8WmDYKFOaC5/y0d3GWl6UKf1ZbSlIoMzkuC8x7pUhg=
github.com/golang/gddo v0.0.0-20180823221919-9d8ff1c67be5 h1:yrv1uUvgXH/tEat+wdvJMRJ4g51GlIydtDpU9pFjaaI=
github.com/golang/gddo v0.0.0-20180823221919-9d8ff1c67be5/go.mod h1:xEhNfoBDX1hzLm2Nf80qUvZ2sVwoMZ8d6IE2SrsQfh4=
github.com/google/go-cmp v0.3.0 h1:crn/baboCvb5fXaQ0IJ1SGTsTVrWpDsCWC8EGETZijY=
github.com/google/go-cmp v0.3.0/go.mod h1:8QqcDgzrUqlUb/G2PQTWiueGozuR1884gddMywk6iLU=
github.com/hashicorp/golang-lru v0.0.0-20180201235237-0fb14efe8c47 h1:UnszMmmmm5vLwWzDjTFVIkfhvWF1NdrmChl8L2NUDCw=
github.com/hashicorp/golang-lru v0.0.0-20180201235237-0fb14efe8c47/go.mod h1:/m3WP610KZHVQ1SGc6re/UDhFvYD7pJ4Ao+sR/qLZy8=
github.com/mitchellh/go-server-timing v1.0.0 h1:cdHk4f7lxjwbRqTSGZFw8PCeoNYXGp4T4Sdr8wT+Xlw=
github.com/mitchellh/go-server-timing v1.0.0/go.mod h1:RdipKQzCJaL4HyxFQBINbf4XoDdZKkSshqw9Bbsx1ic=
github.com/opentracing/opentracing-go v1.1.0 h1:pWlfV3Bxv7k65HYwkikxat0+s3pV4bsqf19k25Ur8rU=
github.com/opentracing/opentracing-go v1.1.0/go.mod h1:UkNAQd3GIcIGf0SeVgPpRdFStlNbqXla1AfSYxPUl2o=
github.com/oxtoacart/bpool v0.0.0-20150712133111-4e1c5567d7c2 h1:CXwSGu/LYmbjEab5aMCs5usQRVBGThelUKBNnoSOuso=
github.com/oxtoacart/bpool v0.0.0-20150712133111-4e1c5567d7c2/go.mod h1:L3UMQOThbttwfYRNFOWLLVXMhk5Lkio4GGOtw5UrxS0=
github.com/pmezard/go-difflib v1.0.0 h1:4DBwDE0NGyQoBHbLQYPwSUPoCMWR5BEzIk/f1lZbAQM=
github.com/pmezard/go-difflib v1.0.0/go.mod h1:iKH77koFhYxTK1pcRnkKkqfTogsbg7gZNVY4sRDYZ/4=
github.com/stretchr/testify v0.0.0-20180303142811-b89eecf5ca5d h1:YCdGqZILKLGzbyEYbdau30JBEXbKaKYmkBDU5JUW3D0=
github.com/stretchr/testify v0.0.0-20180303142811-b89eecf5ca5d/go.mod h1:a8OnRcib4nhh0OaRAV+Yts87kKdq0PP7pXfy6kDkUVs=
golang.org/x/crypto v0.0.0-20180308185624-c7dcf104e3a7 h1:c9Tyi4qyEZwEJ1+Zm6Fcqf+68wmUdMzfXYTp3s8Nzg8=
golang.org/x/crypto v0.0.0-20180308185624-c7dcf104e3a7/go.mod h1:6SG95UA2DQfeDnfUPMdvaQW0Q7yPrPDi9nlGo2tz2b4=
