# This file is autogenerated, do not edit; changes may be undone by the next 'dep ensure'.


[[projects]]
  branch = "master"
  name = "github.com/Yawning/chacha20"
  packages = ["."]
  revision = "e3b1f968fc6397b51d963fee8ec8711a47bc0ce8"

[[projects]]
  name = "github.com/aristanetworks/goarista"
  packages = ["monotime"]
  revision = "94ff7b94cb7ddd528740cfc9c062037c2bc73b2d"

[[projects]]
  name = "github.com/davecgh/go-spew"
  packages = ["spew"]
  revision = "346938d642f2ec3594ed81d874461961cd0faa76"
  version = "v1.1.0"

[[projects]]
  name = "github.com/getlantern/appdir"
  packages = ["."]
  revision = "659a155d06e8f3dd8b9f79d6147445897499b56b"

[[projects]]
  branch = "master"
  name = "github.com/getlantern/byteexec"
  packages = ["."]
  revision = "4cfb26ec74f460fda433dc06fddfbad7ddee3072"

[[projects]]
  branch = "master"
  name = "github.com/getlantern/context"
  packages = ["."]
  revision = "624d99b1798d7c5375ea1d3ca4c5b04d58f7c775"

[[projects]]
  branch = "master"
  name = "github.com/getlantern/elevate"
  packages = [
    ".",
    "bin"
  ]
  revision = "c2e2e4901072d1f7e9f525426735acfab5fd9cdd"

[[projects]]
  branch = "master"
  name = "github.com/getlantern/ema"
  packages = ["."]
  revision = "d906ee7c3465210c328abbe6ea0f855db9db679c"

[[projects]]
  branch = "master"
  name = "github.com/getlantern/errors"
  packages = ["."]
  revision = "e9c0296368b736086adb20832549567064224854"

[[projects]]
  branch = "master"
  name = "github.com/getlantern/filepersist"
  packages = ["."]
  revision = "c5f0cd24e7991579ba6f5f1bd20a1ad2c9f06cd4"

[[projects]]
  branch = "master"
  name = "github.com/getlantern/go-cache"
  packages = ["cache"]
  revision = "88b53914f4672fafe9069972c1867222ef02eea1"

[[projects]]
  branch = "master"
  name = "github.com/getlantern/golog"
  packages = ["."]
  revision = "cca714f7feb5df8e455f409b549d384441ac4578"

[[projects]]
  branch = "master"
  name = "github.com/getlantern/hex"
  packages = ["."]
  revision = "083fba3033ad473db3dd31c9bb368473d37581a7"

[[projects]]
  branch = "master"
  name = "github.com/getlantern/hidden"
  packages = ["."]
  revision = "d52a649ab33af200943bb599898dbdcfdbc94cb7"

[[projects]]
  branch = "master"
  name = "github.com/getlantern/idletiming"
  packages = ["."]
  revision = "7a71d2e71cf253f64b9610ce7aa9ddfc58aa9b2a"

[[projects]]
  branch = "master"
  name = "github.com/getlantern/keyman"
  packages = [
    ".",
    "certimporter"
  ]
  revision = "f55e7280e93a8802a175e9c4beccad873f3fdf43"

[[projects]]
  name = "github.com/getlantern/lampshade"
  packages = ["."]
  revision = "b10a301ad56e92a66ef15f22c7ba921e6b84a884"

[[projects]]
  branch = "master"
  name = "github.com/getlantern/measured"
  packages = ["."]
  revision = "0582bf799783fba9a890459155817f1cbcf00f17"

[[projects]]
  branch = "master"
  name = "github.com/getlantern/mitm"
  packages = ["."]
  revision = "4ce456bae6504e6a1dc8c835cd849cba166eb3d8"

[[projects]]
  branch = "master"
  name = "github.com/getlantern/mockconn"
  packages = ["."]
  revision = "422a5afd4432dd82b1389333d5352da003d898a6"

[[projects]]
  branch = "master"
  name = "github.com/getlantern/mtime"
  packages = ["."]
  revision = "ba114e4a82b0d453c15c505073a5896453b5cbd2"

[[projects]]
  name = "github.com/getlantern/netx"
  packages = ["."]
  revision = "06a8a15aede91b4274bb0272108e16a4eabeca19"

[[projects]]
  branch = "master"
  name = "github.com/getlantern/ops"
  packages = ["."]
  revision = "37353306c90844c8e0591956f56611f46299d202"

[[projects]]
  name = "github.com/getlantern/preconn"
  packages = ["."]
  revision = "9d78068db81b714e7612e5d43030ee2e1ce6c49a"

[[projects]]
  branch = "master"
  name = "github.com/getlantern/proxy"
  packages = [
    ".",
    "filters"
  ]
  revision = "2e8f1a8906f7fdfc836eaabdff05e21e56e89d8e"

[[projects]]
  branch = "master"
  name = "github.com/getlantern/reconn"
  packages = ["."]
  revision = "7053d017511c663a3fc3b3a367b57689b1b2fd9f"

[[projects]]
  branch = "master"
  name = "github.com/getlantern/rotator"
  packages = ["."]
  revision = "013d4f8e36a2f6369b2435d89866056b5b74c69e"

[[projects]]
  branch = "master"
  name = "github.com/getlantern/stack"
  packages = ["."]
  revision = "02f928aad224fbccd50d66edd776fc9d1e9f2f2b"

[[projects]]
  branch = "master"
  name = "github.com/getlantern/tlsdefaults"
  packages = ["."]
  revision = "cf35cfd0b1b460b031536c9846ffcd5f7811dddb"

[[projects]]
  branch = "master"
  name = "github.com/hashicorp/golang-lru"
  packages = [
    ".",
    "simplelru"
  ]
  revision = "0fb14efe8c47ae851c0034ed7a448854d3d34cf3"

[[projects]]
  branch = "master"
  name = "github.com/oxtoacart/bpool"
  packages = ["."]
  revision = "4e1c5567d7c2dd59fa4c7c83d34c2f3528b025d6"

[[projects]]
  name = "github.com/pmezard/go-difflib"
  packages = ["difflib"]
  revision = "792786c7400a136282c1664665ae0a8db921c6c2"
  version = "v1.0.0"

[[projects]]
  name = "github.com/stretchr/testify"
  packages = ["assert"]
  revision = "b89eecf5ca5db6d3ba60b237ffe3df7bafb7662f"

[[projects]]
  name = "golang.org/x/crypto"
  packages = [
    "chacha20poly1305",
    "internal/chacha20",
    "poly1305"
  ]
  revision = "c7dcf104e3a7a1417abc0230cb0d5240d764159d"

[solve-meta]
  analyzer-name = "dep"
  analyzer-version = 1
  inputs-digest = "9fedbdb07b6d2febc9913cc8e2c7833ff1f20e55675c9e44ba3408ef603b09bf"
  solver-name = "gps-cdcl"
  solver-version = 1
